
Microsoft Visual Studio Solution File, Format Version 12.00
# Visual Studio Version 17
VisualStudioVersion = 17.4.33122.133
MinimumVisualStudioVersion = 10.0.40219.1
Project("{FAE04EC0-301F-11D3-BF4B-00C04F79EFBC}") = "myAPIproject", "myAPIproject\myAPIproject.csproj", "{A310B58E-8E62-454F-9977-4E4A5BE89095}"
EndProject
Global
	GlobalSection(SolutionConfigurationPlatforms) = preSolution
		Debug|Any CPU = Debug|Any CPU
		Release|Any CPU = Release|Any CPU
	EndGlobalSection
	GlobalSection(ProjectConfigurationPlatforms) = postSolution
		{A310B58E-8E62-454F-9977-4E4A5BE89095}.Debug|Any CPU.ActiveCfg = Debug|Any CPU
		{A310B58E-8E62-454F-9977-4E4A5BE89095}.Debug|Any CPU.Build.0 = Debug|Any CPU
		{A310B58E-8E62-454F-9977-4E4A5BE89095}.Release|Any CPU.ActiveCfg = Release|Any CPU
		{A310B58E-8E62-454F-9977-4E4A5BE89095}.Release|Any CPU.Build.0 = Release|Any CPU
	EndGlobalSection
	GlobalSection(SolutionProperties) = preSolution
		HideSolutionNode = FALSE
	EndGlobalSection
	GlobalSection(ExtensibilityGlobals) = postSolution
		SolutionGuid = {90027EFA-DF75-4425-AA65-9FF06F96013F}
	EndGlobalSection
EndGlobal
